
Microsoft Visual Studio Solution File, Format Version 12.00
# Visual Studio Version 17
VisualStudioVersion = 17.11.35222.181
MinimumVisualStudioVersion = 10.0.40219.1
Project("{9A19103F-16F7-4668-BE54-9A1E7A4F7556}") = "Actuali_Todo", "Actuali_Todo\Actuali_Todo.csproj", "{C8C669F7-7879-4BD6-A0C5-365E7F75A0D8}"
EndProject
Project("{54435603-DBB4-11D2-8724-00A0C9A8B90C}") = "ACTUALI TODO", "ACTUALI TODO\ACTUALI TODO.vdproj", "{A931EC36-F691-48E7-AE12-8018319C2F6F}"
EndProject
Global
	GlobalSection(SolutionConfigurationPlatforms) = preSolution
		Debug|Any CPU = Debug|Any CPU
		Release|Any CPU = Release|Any CPU
	EndGlobalSection
	GlobalSection(ProjectConfigurationPlatforms) = postSolution
		{C8C669F7-7879-4BD6-A0C5-365E7F75A0D8}.Debug|Any CPU.ActiveCfg = Debug|Any CPU
		{C8C669F7-7879-4BD6-A0C5-365E7F75A0D8}.Debug|Any CPU.Build.0 = Debug|Any CPU
		{C8C669F7-7879-4BD6-A0C5-365E7F75A0D8}.Release|Any CPU.ActiveCfg = Release|Any CPU
		{C8C669F7-7879-4BD6-A0C5-365E7F75A0D8}.Release|Any CPU.Build.0 = Release|Any CPU
		{A931EC36-F691-48E7-AE12-8018319C2F6F}.Debug|Any CPU.ActiveCfg = Debug
		{A931EC36-F691-48E7-AE12-8018319C2F6F}.Release|Any CPU.ActiveCfg = Release
		{A931EC36-F691-48E7-AE12-8018319C2F6F}.Release|Any CPU.Build.0 = Release
	EndGlobalSection
	GlobalSection(SolutionProperties) = preSolution
		HideSolutionNode = FALSE
	EndGlobalSection
	GlobalSection(ExtensibilityGlobals) = postSolution
		SolutionGuid = {89FAAB98-5D9F-461C-87F2-8F4E1EFCBC85}
	EndGlobalSection
EndGlobal
